<?xml version="1.0" encoding="utf-8"?>
<Project ToolsVersion="4.0" xmlns="http://schemas.microsoft.com/developer/msbuild/2003">
  <ItemGroup>
    <Filter Include="Arquivos de Origem">
      <UniqueIdentifier>{4FC737F1-C7A5-4376-A066-2A32D752A2FF}</UniqueIdentifier>
      <Extensions>cpp;c;cc;cxx;c++;cppm;ixx;def;odl;idl;hpj;bat;asm;asmx</Extensions>
    </Filter>
    <Filter Include="Arquivos de Cabeçalho">
      <UniqueIdentifier>{93995380-89BD-4b04-88EB-625FBE52EBFB}</UniqueIdentifier>
      <Extensions>h;hh;hpp;hxx;h++;hm;inl;inc;ipp;xsd</Extensions>
    </Filter>
    <Filter Include="Arquivos de Recurso">
      <UniqueIdentifier>{67DA6AB6-F800-4c08-8B7A-83BB121AAD01}</UniqueIdentifier>
      <Extensions>rc;ico;cur;bmp;dlg;rc2;rct;bin;rgs;gif;jpg;jpeg;jpe;resx;tiff;tif;png;wav;mfcribbon-ms</Extensions>
    </Filter>
  </ItemGroup>
  <ItemGroup>
    <ClCompile Include="JOGO_AED1.c">
      <Filter>Arquivos de Origem</Filter>
    </ClCompile>
    <ClCompile Include="IeN_basics.c">
      <Filter>Arquivos de Origem</Filter>
    </ClCompile>
    <ClCompile Include="IeN_display.c">
      <Filter>Arquivos de Origem</Filter>
    </ClCompile>
    <ClCompile Include="IeN_keyboard.c">
      <Filter>Arquivos de Origem</Filter>
    </ClCompile>
    <ClCompile Include="IeN_sprites.c">
      <Filter>Arquivos de Origem</Filter>
    </ClCompile>
    <ClCompile Include="IeN_audio.c">
      <Filter>Arquivos de Origem</Filter>
    </ClCompile>
    <ClCompile Include="IeN_fx.c">
      <Filter>Arquivos de Origem</Filter>
    </ClCompile>
    <ClCompile Include="IeN_shots.c">
      <Filter>Arquivos de Origem</Filter>
    </ClCompile>
    <ClCompile Include="IeN_ship.c">
      <Filter>Arquivos de Origem</Filter>
    </ClCompile>
    <ClCompile Include="IeN_aliens.c">
      <Filter>Arquivos de Origem</Filter>
    </ClCompile>
    <ClCompile Include="IeN_stars.c">
      <Filter>Arquivos de Origem</Filter>
    </ClCompile>
    <ClCompile Include="IeN_hud.c">
      <Filter>Arquivos de Origem</Filter>
    </ClCompile>
    <ClCompile Include="IeN_menu.c">
      <Filter>Arquivos de Origem</Filter>
    </ClCompile>
    <ClCompile Include="IeN_novojg.c">
      <Filter>Arquivos de Origem</Filter>
    </ClCompile>
    <ClCompile Include="IeN_continuarjg.c">
      <Filter>Arquivos de Origem</Filter>
    </ClCompile>
    <ClCompile Include="IeN_placar.c">
      <Filter>Arquivos de Origem</Filter>
    </ClCompile>
    <ClCompile Include="IeN_jogo.c">
      <Filter>Arquivos de Origem</Filter>
    </ClCompile>
    <ClCompile Include="IeN_arquivos.c">
      <Filter>Arquivos de Origem</Filter>
    </ClCompile>
  </ItemGroup>
  <ItemGroup>
    <None Include="packages.config" />
  </ItemGroup>
  <ItemGroup>
    <Text Include="Texto.txt" />
  </ItemGroup>
  <ItemGroup>
    <ClInclude Include="resource.h">
      <Filter>Arquivos de Cabeçalho</Filter>
    </ClInclude>
    <ClInclude Include="IeN_basics.h">
      <Filter>Arquivos de Cabeçalho</Filter>
    </ClInclude>
    <ClInclude Include="IeN_display.h">
      <Filter>Arquivos de Cabeçalho</Filter>
    </ClInclude>
    <ClInclude Include="IeN_keyboard.h">
      <Filter>Arquivos de Cabeçalho</Filter>
    </ClInclude>
    <ClInclude Include="IeN_sprites.h">
      <Filter>Arquivos de Cabeçalho</Filter>
    </ClInclude>
    <ClInclude Include="IeN_audio.h">
      <Filter>Arquivos de Cabeçalho</Filter>
    </ClInclude>
    <ClInclude Include="IeN_fx.h">
      <Filter>Arquivos de Cabeçalho</Filter>
    </ClInclude>
    <ClInclude Include="IeN_shots.h">
      <Filter>Arquivos de Cabeçalho</Filter>
    </ClInclude>
    <ClInclude Include="IeN_ship.h">
      <Filter>Arquivos de Cabeçalho</Filter>
    </ClInclude>
    <ClInclude Include="IeN_aliens.h">
      <Filter>Arquivos de Cabeçalho</Filter>
    </ClInclude>
    <ClInclude Include="IeN_stars.h">
      <Filter>Arquivos de Cabeçalho</Filter>
    </ClInclude>
    <ClInclude Include="IeN_hud.h">
      <Filter>Arquivos de Cabeçalho</Filter>
    </ClInclude>
    <ClInclude Include="IeN_menu.h">
      <Filter>Arquivos de Cabeçalho</Filter>
    </ClInclude>
    <ClInclude Include="IeN_novojg.h">
      <Filter>Arquivos de Cabeçalho</Filter>
    </ClInclude>
    <ClInclude Include="IeN_continuarjg.h">
      <Filter>Arquivos de Cabeçalho</Filter>
    </ClInclude>
    <ClInclude Include="IeN_placar.h">
      <Filter>Arquivos de Cabeçalho</Filter>
    </ClInclude>
    <ClInclude Include="IeN_jogo.h">
      <Filter>Arquivos de Cabeçalho</Filter>
    </ClInclude>
    <ClInclude Include="IeN_arquivos.h">
      <Filter>Arquivos de Cabeçalho</Filter>
    </ClInclude>
  </ItemGroup>
  <ItemGroup>
    <ResourceCompile Include="JOGO_AED1.rc">
      <Filter>Arquivos de Recurso</Filter>
    </ResourceCompile>
  </ItemGroup>
</Project>